
Microsoft Visual Studio Solution File, Format Version 12.00
# Visual Studio Version 17
VisualStudioVersion = 17.5.002.0
MinimumVisualStudioVersion = 10.0.40219.1
Project("{9A19103F-16F7-4668-BE54-9A1E7A4F7556}") = "WebApplication1", "WebApplication1.csproj", "{E8B51DC8-02F6-4172-A98A-7341121CA16C}"
EndProject
Global
	GlobalSection(SolutionConfigurationPlatforms) = preSolution
		Debug|Any CPU = Debug|Any CPU
		Release|Any CPU = Release|Any CPU
	EndGlobalSection
	GlobalSection(ProjectConfigurationPlatforms) = postSolution
		{E8B51DC8-02F6-4172-A98A-7341121CA16C}.Debug|Any CPU.ActiveCfg = Debug|Any CPU
		{E8B51DC8-02F6-4172-A98A-7341121CA16C}.Debug|Any CPU.Build.0 = Debug|Any CPU
		{E8B51DC8-02F6-4172-A98A-7341121CA16C}.Release|Any CPU.ActiveCfg = Release|Any CPU
		{E8B51DC8-02F6-4172-A98A-7341121CA16C}.Release|Any CPU.Build.0 = Release|Any CPU
	EndGlobalSection
	GlobalSection(SolutionProperties) = preSolution
		HideSolutionNode = FALSE
	EndGlobalSection
	GlobalSection(ExtensibilityGlobals) = postSolution
		SolutionGuid = {243673AB-F292-42E6-82BB-E88ABFC1D3C5}
	EndGlobalSection
EndGlobal
